
Microsoft Visual Studio Solution File, Format Version 12.00
# Visual Studio 2013
VisualStudioVersion = 12.0.30723.0
MinimumVisualStudioVersion = 10.0.40219.1
Project("{FAE04EC0-301F-11D3-BF4B-00C04F79EFBC}") = "AutomatedTellerMachine", "AutomatedTellerMachine\AutomatedTellerMachine.csproj", "{12F2AB7C-8883-4C50-98D7-AB31AB005560}"
EndProject
Project("{FAE04EC0-301F-11D3-BF4B-00C04F79EFBC}") = "AutomatedTellerMachine.Tests", "AutomatedTellerMachine.Tests\AutomatedTellerMachine.Tests.csproj", "{7E23453D-8193-48A9-8DD4-5CCD01A2888E}"
EndProject
Global
	GlobalSection(SolutionConfigurationPlatforms) = preSolution
		Debug|Any CPU = Debug|Any CPU
		Release|Any CPU = Release|Any CPU
	EndGlobalSection
	GlobalSection(ProjectConfigurationPlatforms) = postSolution
		{12F2AB7C-8883-4C50-98D7-AB31AB005560}.Debug|Any CPU.ActiveCfg = Debug|Any CPU
		{12F2AB7C-8883-4C50-98D7-AB31AB005560}.Debug|Any CPU.Build.0 = Debug|Any CPU
		{12F2AB7C-8883-4C50-98D7-AB31AB005560}.Release|Any CPU.ActiveCfg = Release|Any CPU
		{12F2AB7C-8883-4C50-98D7-AB31AB005560}.Release|Any CPU.Build.0 = Release|Any CPU
		{7E23453D-8193-48A9-8DD4-5CCD01A2888E}.Debug|Any CPU.ActiveCfg = Debug|Any CPU
		{7E23453D-8193-48A9-8DD4-5CCD01A2888E}.Debug|Any CPU.Build.0 = Debug|Any CPU
		{7E23453D-8193-48A9-8DD4-5CCD01A2888E}.Release|Any CPU.ActiveCfg = Release|Any CPU
		{7E23453D-8193-48A9-8DD4-5CCD01A2888E}.Release|Any CPU.Build.0 = Release|Any CPU
	EndGlobalSection
	GlobalSection(SolutionProperties) = preSolution
		HideSolutionNode = FALSE
	EndGlobalSection
EndGlobal
